// !$*UTF8*$!
{
	archiveVersion = 1;
	classes = {
	};
	objectVersion = 55;
	objects = {

/* Begin PBXBuildFile section */
		CEA6FCBD2A0D7D210009D2D6 /* Lab_12_7.cpp in Sources */ = {isa = PBXBuildFile; fileRef = CEA6FCBC2A0D7D210009D2D6 /* Lab_12_7.cpp */; };
		CEA6FCCB2A0D8C800009D2D6 /* UnitTest_12_7.mm in Sources */ = {isa = PBXBuildFile; fileRef = CEA6FCCA2A0D8C800009D2D6 /* UnitTest_12_7.mm */; };
/* End PBXBuildFile section */

/* Begin PBXCopyFilesBuildPhase section */
		CEA6FCB72A0D7D210009D2D6 /* CopyFiles */ = {
			isa = PBXCopyFilesBuildPhase;
			buildActionMask = 2147483647;
			dstPath = /usr/share/man/man1/;
			dstSubfolderSpec = 0;
			files = (
			);
			runOnlyForDeploymentPostprocessing = 1;
		};
/* End PBXCopyFilesBuildPhase section */

/* Begin PBXFileReference section */
		CEA6FCB92A0D7D210009D2D6 /* Lab_12_7 */ = {isa = PBXFileReference; explicitFileType = "compiled.mach-o.executable"; includeInIndex = 0; path = Lab_12_7; sourceTree = BUILT_PRODUCTS_DIR; };
		CEA6FCBC2A0D7D210009D2D6 /* Lab_12_7.cpp */ = {isa = PBXFileReference; lastKnownFileType = sourcecode.cpp.cpp; path = Lab_12_7.cpp; sourceTree = "<group>"; };
		CEA6FCC32A0D8C320009D2D6 /* Header.h */ = {isa = PBXFileReference; lastKnownFileType = sourcecode.c.h; path = Header.h; sourceTree = "<group>"; };
		CEA6FCC82A0D8C7F0009D2D6 /* UnitTest_12_7.xctest */ = {isa = PBXFileReference; explicitFileType = wrapper.cfbundle; includeInIndex = 0; path = UnitTest_12_7.xctest; sourceTree = BUILT_PRODUCTS_DIR; };
		CEA6FCCA2A0D8C800009D2D6 /* UnitTest_12_7.mm */ = {isa = PBXFileReference; lastKnownFileType = sourcecode.cpp.objcpp; path = UnitTest_12_7.mm; sourceTree = "<group>"; };
/* End PBXFileReference section */

/* Begin PBXFrameworksBuildPhase section */
		CEA6FCB62A0D7D210009D2D6 /* Frameworks */ = {
			isa = PBXFrameworksBuildPhase;
			buildActionMask = 2147483647;
			files = (
			);
			runOnlyForDeploymentPostprocessing = 0;
		};
		CEA6FCC52A0D8C7F0009D2D6 /* Frameworks */ = {
			isa = PBXFrameworksBuildPhase;
			buildActionMask = 2147483647;
			files = (
			);
			runOnlyForDeploymentPostprocessing = 0;
		};
/* End PBXFrameworksBuildPhase section */

/* Begin PBXGroup section */
		CEA6FCB02A0D7D210009D2D6 = {
			isa = PBXGroup;
			children = (
				CEA6FCBB2A0D7D210009D2D6 /* Lab_12_7 */,
				CEA6FCC92A0D8C800009D2D6 /* UnitTest_12_7 */,
				CEA6FCBA2A0D7D210009D2D6 /* Products */,
			);
			sourceTree = "<group>";
		};
		CEA6FCBA2A0D7D210009D2D6 /* Products */ = {
			isa = PBXGroup;
			children = (
				CEA6FCB92A0D7D210009D2D6 /* Lab_12_7 */,
				CEA6FCC82A0D8C7F0009D2D6 /* UnitTest_12_7.xctest */,
			);
			name = Products;
			sourceTree = "<group>";
		};
		CEA6FCBB2A0D7D210009D2D6 /* Lab_12_7 */ = {
			isa = PBXGroup;
			children = (
				CEA6FCBC2A0D7D210009D2D6 /* Lab_12_7.cpp */,
				CEA6FCC32A0D8C320009D2D6 /* Header.h */,
			);
			path = Lab_12_7;
			sourceTree = "<group>";
		};
		CEA6FCC92A0D8C800009D2D6 /* UnitTest_12_7 */ = {
			isa = PBXGroup;
			children = (
				CEA6FCCA2A0D8C800009D2D6 /* UnitTest_12_7.mm */,
			);
			path = UnitTest_12_7;
			sourceTree = "<group>";
		};
/* End PBXGroup section */

/* Begin PBXNativeTarget section */
		CEA6FCB82A0D7D210009D2D6 /* Lab_12_7 */ = {
			isa = PBXNativeTarget;
			buildConfigurationList = CEA6FCC02A0D7D210009D2D6 /* Build configuration list for PBXNativeTarget "Lab_12_7" */;
			buildPhases = (
				CEA6FCB52A0D7D210009D2D6 /* Sources */,
				CEA6FCB62A0D7D210009D2D6 /* Frameworks */,
				CEA6FCB72A0D7D210009D2D6 /* CopyFiles */,
			);
			buildRules = (
			);
			dependencies = (
			);
			name = Lab_12_7;
			productName = Lab_12_7;
			productReference = CEA6FCB92A0D7D210009D2D6 /* Lab_12_7 */;
			productType = "com.apple.product-type.tool";
		};
		CEA6FCC72A0D8C7F0009D2D6 /* UnitTest_12_7 */ = {
			isa = PBXNativeTarget;
			buildConfigurationList = CEA6FCCC2A0D8C800009D2D6 /* Build configuration list for PBXNativeTarget "UnitTest_12_7" */;
			buildPhases = (
				CEA6FCC42A0D8C7F0009D2D6 /* Sources */,
				CEA6FCC52A0D8C7F0009D2D6 /* Frameworks */,
				CEA6FCC62A0D8C7F0009D2D6 /* Resources */,
			);
			buildRules = (
			);
			dependencies = (
			);
			name = UnitTest_12_7;
			productName = UnitTest_12_7;
			productReference = CEA6FCC82A0D8C7F0009D2D6 /* UnitTest_12_7.xctest */;
			productType = "com.apple.product-type.bundle.unit-test";
		};
/* End PBXNativeTarget section */

/* Begin PBXProject section */
		CEA6FCB12A0D7D210009D2D6 /* Project object */ = {
			isa = PBXProject;
			attributes = {
				BuildIndependentTargetsInParallel = 1;
				LastUpgradeCheck = 1320;
				TargetAttributes = {
					CEA6FCB82A0D7D210009D2D6 = {
						CreatedOnToolsVersion = 13.2.1;
					};
					CEA6FCC72A0D8C7F0009D2D6 = {
						CreatedOnToolsVersion = 13.2.1;
					};
				};
			};
			buildConfigurationList = CEA6FCB42A0D7D210009D2D6 /* Build configuration list for PBXProject "Lab_12_7" */;
			compatibilityVersion = "Xcode 13.0";
			developmentRegion = en;
			hasScannedForEncodings = 0;
			knownRegions = (
				en,
				Base,
			);
			mainGroup = CEA6FCB02A0D7D210009D2D6;
			productRefGroup = CEA6FCBA2A0D7D210009D2D6 /* Products */;
			projectDirPath = "";
			projectRoot = "";
			targets = (
				CEA6FCB82A0D7D210009D2D6 /* Lab_12_7 */,
				CEA6FCC72A0D8C7F0009D2D6 /* UnitTest_12_7 */,
			);
		};
/* End PBXProject section */

/* Begin PBXResourcesBuildPhase section */
		CEA6FCC62A0D8C7F0009D2D6 /* Resources */ = {
			isa = PBXResourcesBuildPhase;
			buildActionMask = 2147483647;
			files = (
			);
			runOnlyForDeploymentPostprocessing = 0;
		};
/* End PBXResourcesBuildPhase section */

/* Begin PBXSourcesBuildPhase section */
		CEA6FCB52A0D7D210009D2D6 /* Sources */ = {
			isa = PBXSourcesBuildPhase;
			buildActionMask = 2147483647;
			files = (
				CEA6FCBD2A0D7D210009D2D6 /* Lab_12_7.cpp in Sources */,
			);
			runOnlyForDeploymentPostprocessing = 0;
		};
		CEA6FCC42A0D8C7F0009D2D6 /* Sources */ = {
			isa = PBXSourcesBuildPhase;
			buildActionMask = 2147483647;
			files = (
				CEA6FCCB2A0D8C800009D2D6 /* UnitTest_12_7.mm in Sources */,
			);
			runOnlyForDeploymentPostprocessing = 0;
		};
/* End PBXSourcesBuildPhase section */

/* Begin XCBuildConfiguration section */
		CEA6FCBE2A0D7D210009D2D6 /* Debug */ = {
			isa = XCBuildConfiguration;
			buildSettings = {
				ALWAYS_SEARCH_USER_PATHS = NO;
				CLANG_ANALYZER_NONNULL = YES;
				CLANG_ANALYZER_NUMBER_OBJECT_CONVERSION = YES_AGGRESSIVE;
				CLANG_CXX_LANGUAGE_STANDARD = "gnu++17";
				CLANG_CXX_LIBRARY = "libc++";
				CLANG_ENABLE_MODULES = YES;
				CLANG_ENABLE_OBJC_ARC = YES;
				CLANG_ENABLE_OBJC_WEAK = YES;
				CLANG_WARN_BLOCK_CAPTURE_AUTORELEASING = YES;
				CLANG_WARN_BOOL_CONVERSION = YES;
				CLANG_WARN_COMMA = YES;
				CLANG_WARN_CONSTANT_CONVERSION = YES;
				CLANG_WARN_DEPRECATED_OBJC_IMPLEMENTATIONS = YES;
				CLANG_WARN_DIRECT_OBJC_ISA_USAGE = YES_ERROR;
				CLANG_WARN_DOCUMENTATION_COMMENTS = YES;
				CLANG_WARN_EMPTY_BODY = YES;
				CLANG_WARN_ENUM_CONVERSION = YES;
				CLANG_WARN_INFINITE_RECURSION = YES;
				CLANG_WARN_INT_CONVERSION = YES;
				CLANG_WARN_NON_LITERAL_NULL_CONVERSION = YES;
				CLANG_WARN_OBJC_IMPLICIT_RETAIN_SELF = YES;
				CLANG_WARN_OBJC_LITERAL_CONVERSION = YES;
				CLANG_WARN_OBJC_ROOT_CLASS = YES_ERROR;
				CLANG_WARN_QUOTED_INCLUDE_IN_FRAMEWORK_HEADER = YES;
				CLANG_WARN_RANGE_LOOP_ANALYSIS = YES;
				CLANG_WARN_STRICT_PROTOTYPES = YES;
				CLANG_WARN_SUSPICIOUS_MOVE = YES;
				CLANG_WARN_UNGUARDED_AVAILABILITY = YES_AGGRESSIVE;
				CLANG_WARN_UNREACHABLE_CODE = YES;
				CLANG_WARN__DUPLICATE_METHOD_MATCH = YES;
				COPY_PHASE_STRIP = NO;
				DEBUG_INFORMATION_FORMAT = dwarf;
				ENABLE_STRICT_OBJC_MSGSEND = YES;
				ENABLE_TESTABILITY = YES;
				GCC_C_LANGUAGE_STANDARD = gnu11;
				GCC_DYNAMIC_NO_PIC = NO;
				GCC_NO_COMMON_BLOCKS = YES;
				GCC_OPTIMIZATION_LEVEL = 0;
				GCC_PREPROCESSOR_DEFINITIONS = (
					"DEBUG=1",
					"$(inherited)",
				);
				GCC_WARN_64_TO_32_BIT_CONVERSION = YES;
				GCC_WARN_ABOUT_RETURN_TYPE = YES_ERROR;
				GCC_WARN_UNDECLARED_SELECTOR = YES;
				GCC_WARN_UNINITIALIZED_AUTOS = YES_AGGRESSIVE;
				GCC_WARN_UNUSED_FUNCTION = YES;
				GCC_WARN_UNUSED_VARIABLE = YES;
				MACOSX_DEPLOYMENT_TARGET = 11.7;
				MTL_ENABLE_DEBUG_INFO = INCLUDE_SOURCE;
				MTL_FAST_MATH = YES;
				ONLY_ACTIVE_ARCH = YES;
				SDKROOT = macosx;
			};
			name = Debug;
		};
		CEA6FCBF2A0D7D210009D2D6 /* Release */ = {
			isa = XCBuildConfiguration;
			buildSettings = {
				ALWAYS_SEARCH_USER_PATHS = NO;
				CLANG_ANALYZER_NONNULL = YES;
				CLANG_ANALYZER_NUMBER_OBJECT_CONVERSION = YES_AGGRESSIVE;
				CLANG_CXX_LANGUAGE_STANDARD = "gnu++17";
				CLANG_CXX_LIBRARY = "libc++";
				CLANG_ENABLE_MODULES = YES;
				CLANG_ENABLE_OBJC_ARC = YES;
				CLANG_ENABLE_OBJC_WEAK = YES;
				CLANG_WARN_BLOCK_CAPTURE_AUTORELEASING = YES;
				CLANG_WARN_BOOL_CONVERSION = YES;
				CLANG_WARN_COMMA = YES;
				CLANG_WARN_CONSTANT_CONVERSION = YES;
				CLANG_WARN_DEPRECATED_OBJC_IMPLEMENTATIONS = YES;
				CLANG_WARN_DIRECT_OBJC_ISA_USAGE = YES_ERROR;
				CLANG_WARN_DOCUMENTATION_COMMENTS = YES;
				CLANG_WARN_EMPTY_BODY = YES;
				CLANG_WARN_ENUM_CONVERSION = YES;
				CLANG_WARN_INFINITE_RECURSION = YES;
				CLANG_WARN_INT_CONVERSION = YES;
				CLANG_WARN_NON_LITERAL_NULL_CONVERSION = YES;
				CLANG_WARN_OBJC_IMPLICIT_RETAIN_SELF = YES;
				CLANG_WARN_OBJC_LITERAL_CONVERSION = YES;
				CLANG_WARN_OBJC_ROOT_CLASS = YES_ERROR;
				CLANG_WARN_QUOTED_INCLUDE_IN_FRAMEWORK_HEADER = YES;
				CLANG_WARN_RANGE_LOOP_ANALYSIS = YES;
				CLANG_WARN_STRICT_PROTOTYPES = YES;
				CLANG_WARN_SUSPICIOUS_MOVE = YES;
				CLANG_WARN_UNGUARDED_AVAILABILITY = YES_AGGRESSIVE;
				CLANG_WARN_UNREACHABLE_CODE = YES;
				CLANG_WARN__DUPLICATE_METHOD_MATCH = YES;
				COPY_PHASE_STRIP = NO;
				DEBUG_INFORMATION_FORMAT = "dwarf-with-dsym";
				ENABLE_NS_ASSERTIONS = NO;
				ENABLE_STRICT_OBJC_MSGSEND = YES;
				GCC_C_LANGUAGE_STANDARD = gnu11;
				GCC_NO_COMMON_BLOCKS = YES;
				GCC_WARN_64_TO_32_BIT_CONVERSION = YES;
				GCC_WARN_ABOUT_RETURN_TYPE = YES_ERROR;
				GCC_WARN_UNDECLARED_SELECTOR = YES;
				GCC_WARN_UNINITIALIZED_AUTOS = YES_AGGRESSIVE;
				GCC_WARN_UNUSED_FUNCTION = YES;
				GCC_WARN_UNUSED_VARIABLE = YES;
				MACOSX_DEPLOYMENT_TARGET = 11.7;
				MTL_ENABLE_DEBUG_INFO = NO;
				MTL_FAST_MATH = YES;
				SDKROOT = macosx;
			};
			name = Release;
		};
		CEA6FCC12A0D7D210009D2D6 /* Debug */ = {
			isa = XCBuildConfiguration;
			buildSettings = {
				CODE_SIGN_STYLE = Automatic;
				DEVELOPMENT_TEAM = 3MHJJLP6XJ;
				ENABLE_HARDENED_RUNTIME = YES;
				PRODUCT_NAME = "$(TARGET_NAME)";
			};
			name = Debug;
		};
		CEA6FCC22A0D7D210009D2D6 /* Release */ = {
			isa = XCBuildConfiguration;
			buildSettings = {
				CODE_SIGN_STYLE = Automatic;
				DEVELOPMENT_TEAM = 3MHJJLP6XJ;
				ENABLE_HARDENED_RUNTIME = YES;
				PRODUCT_NAME = "$(TARGET_NAME)";
			};
			name = Release;
		};
		CEA6FCCD2A0D8C800009D2D6 /* Debug */ = {
			isa = XCBuildConfiguration;
			buildSettings = {
				CODE_SIGN_STYLE = Automatic;
				CURRENT_PROJECT_VERSION = 1;
				DEVELOPMENT_TEAM = 3MHJJLP6XJ;
				GENERATE_INFOPLIST_FILE = YES;
				MARKETING_VERSION = 1.0;
				PRODUCT_BUNDLE_IDENTIFIER = "Lab.UnitTest-12-7";
				PRODUCT_NAME = "$(TARGET_NAME)";
				SWIFT_EMIT_LOC_STRINGS = NO;
			};
			name = Debug;
		};
		CEA6FCCE2A0D8C800009D2D6 /* Release */ = {
			isa = XCBuildConfiguration;
			buildSettings = {
				CODE_SIGN_STYLE = Automatic;
				CURRENT_PROJECT_VERSION = 1;
				DEVELOPMENT_TEAM = 3MHJJLP6XJ;
				GENERATE_INFOPLIST_FILE = YES;
				MARKETING_VERSION = 1.0;
				PRODUCT_BUNDLE_IDENTIFIER = "Lab.UnitTest-12-7";
				PRODUCT_NAME = "$(TARGET_NAME)";
				SWIFT_EMIT_LOC_STRINGS = NO;
			};
			name = Release;
		};
/* End XCBuildConfiguration section */

/* Begin XCConfigurationList section */
		CEA6FCB42A0D7D210009D2D6 /* Build configuration list for PBXProject "Lab_12_7" */ = {
			isa = XCConfigurationList;
			buildConfigurations = (
				CEA6FCBE2A0D7D210009D2D6 /* Debug */,
				CEA6FCBF2A0D7D210009D2D6 /* Release */,
			);
			defaultConfigurationIsVisible = 0;
			defaultConfigurationName = Release;
		};
		CEA6FCC02A0D7D210009D2D6 /* Build configuration list for PBXNativeTarget "Lab_12_7" */ = {
			isa = XCConfigurationList;
			buildConfigurations = (
				CEA6FCC12A0D7D210009D2D6 /* Debug */,
				CEA6FCC22A0D7D210009D2D6 /* Release */,
			);
			defaultConfigurationIsVisible = 0;
			defaultConfigurationName = Release;
		};
		CEA6FCCC2A0D8C800009D2D6 /* Build configuration list for PBXNativeTarget "UnitTest_12_7" */ = {
			isa = XCConfigurationList;
			buildConfigurations = (
				CEA6FCCD2A0D8C800009D2D6 /* Debug */,
				CEA6FCCE2A0D8C800009D2D6 /* Release */,
			);
			defaultConfigurationIsVisible = 0;
			defaultConfigurationName = Release;
		};
/* End XCConfigurationList section */
	};
	rootObject = CEA6FCB12A0D7D210009D2D6 /* Project object */;
}
